// !$*UTF8*$!
{
	archiveVersion = 1;
	classes = {
	};
	objectVersion = 55;
	objects = {

/* Begin PBXBuildFile section */
		CE7C5F8827BA007700C8978D /* CloudKit.framework in Frameworks */ = {isa = PBXBuildFile; fileRef = CE7C5F8727BA007700C8978D /* CloudKit.framework */; };
		CE7C5F8B27BA00B300C8978D /* CloudKit.framework in Frameworks */ = {isa = PBXBuildFile; fileRef = CE7C5F8A27BA00B300C8978D /* CloudKit.framework */; };
		CEE85FA3278D23A700EC374E /* AppFeature in Frameworks */ = {isa = PBXBuildFile; productRef = CEE85FA2278D23A700EC374E /* AppFeature */; };
		CEE85FA9278D28C900EC374E /* Assets.xcassets in Resources */ = {isa = PBXBuildFile; fileRef = CEE85FA8278D28C900EC374E /* Assets.xcassets */; };
		CEE85FAF278D28C900EC374E /* TopSpinWatch WatchKit Extension.appex in Embed App Extensions */ = {isa = PBXBuildFile; fileRef = CEE85FAE278D28C900EC374E /* TopSpinWatch WatchKit Extension.appex */; settings = {ATTRIBUTES = (RemoveHeadersOnCopy, ); }; };
		CEE85FB4278D28C900EC374E /* ContentView.swift in Sources */ = {isa = PBXBuildFile; fileRef = CEE85FB3278D28C900EC374E /* ContentView.swift */; };
		CEE85FB6278D28C900EC374E /* TopSpinApp.swift in Sources */ = {isa = PBXBuildFile; fileRef = CEE85FB5278D28C900EC374E /* TopSpinApp.swift */; };
		CEE85FB8278D28C900EC374E /* ComplicationController.swift in Sources */ = {isa = PBXBuildFile; fileRef = CEE85FB7278D28C900EC374E /* ComplicationController.swift */; };
		CEE85FBA278D28CA00EC374E /* Assets.xcassets in Resources */ = {isa = PBXBuildFile; fileRef = CEE85FB9278D28CA00EC374E /* Assets.xcassets */; };
		CEE85FBD278D28CA00EC374E /* Preview Assets.xcassets in Resources */ = {isa = PBXBuildFile; fileRef = CEE85FBC278D28CA00EC374E /* Preview Assets.xcassets */; };
		CEE85FC1278D28CA00EC374E /* TopSpinWatch.app in Embed Watch Content */ = {isa = PBXBuildFile; fileRef = CEE85FA6278D28C700EC374E /* TopSpinWatch.app */; settings = {ATTRIBUTES = (RemoveHeadersOnCopy, ); }; };
		CEFC46AE2788FD010005216B /* TopSpinApp.swift in Sources */ = {isa = PBXBuildFile; fileRef = CEFC46AD2788FD010005216B /* TopSpinApp.swift */; };
		CEFC46B02788FD010005216B /* ContentView.swift in Sources */ = {isa = PBXBuildFile; fileRef = CEFC46AF2788FD010005216B /* ContentView.swift */; };
		CEFC46B22788FD030005216B /* Assets.xcassets in Resources */ = {isa = PBXBuildFile; fileRef = CEFC46B12788FD030005216B /* Assets.xcassets */; };
		CEFC46B52788FD030005216B /* Preview Assets.xcassets in Resources */ = {isa = PBXBuildFile; fileRef = CEFC46B42788FD030005216B /* Preview Assets.xcassets */; };
/* End PBXBuildFile section */

/* Begin PBXContainerItemProxy section */
		CEE85FB0278D28C900EC374E /* PBXContainerItemProxy */ = {
			isa = PBXContainerItemProxy;
			containerPortal = CEFC46A22788FD010005216B /* Project object */;
			proxyType = 1;
			remoteGlobalIDString = CEE85FAD278D28C900EC374E;
			remoteInfo = "TopSpinWatch WatchKit Extension";
		};
		CEE85FBF278D28CA00EC374E /* PBXContainerItemProxy */ = {
			isa = PBXContainerItemProxy;
			containerPortal = CEFC46A22788FD010005216B /* Project object */;
			proxyType = 1;
			remoteGlobalIDString = CEE85FA5278D28C700EC374E;
			remoteInfo = TopSpinWatch;
		};
/* End PBXContainerItemProxy section */

/* Begin PBXCopyFilesBuildPhase section */
		CEE85FC5278D28CA00EC374E /* Embed App Extensions */ = {
			isa = PBXCopyFilesBuildPhase;
			buildActionMask = 2147483647;
			dstPath = "";
			dstSubfolderSpec = 13;
			files = (
				CEE85FAF278D28C900EC374E /* TopSpinWatch WatchKit Extension.appex in Embed App Extensions */,
			);
			name = "Embed App Extensions";
			runOnlyForDeploymentPostprocessing = 0;
		};
		CEE85FC9278D28CA00EC374E /* Embed Watch Content */ = {
			isa = PBXCopyFilesBuildPhase;
			buildActionMask = 2147483647;
			dstPath = "$(CONTENTS_FOLDER_PATH)/Watch";
			dstSubfolderSpec = 16;
			files = (
				CEE85FC1278D28CA00EC374E /* TopSpinWatch.app in Embed Watch Content */,
			);
			name = "Embed Watch Content";
			runOnlyForDeploymentPostprocessing = 0;
		};
/* End PBXCopyFilesBuildPhase section */

/* Begin PBXFileReference section */
		CE7C5F8627BA006F00C8978D /* TopSpin.entitlements */ = {isa = PBXFileReference; lastKnownFileType = text.plist.entitlements; path = TopSpin.entitlements; sourceTree = "<group>"; };
		CE7C5F8727BA007700C8978D /* CloudKit.framework */ = {isa = PBXFileReference; lastKnownFileType = wrapper.framework; name = CloudKit.framework; path = System/Library/Frameworks/CloudKit.framework; sourceTree = SDKROOT; };
		CE7C5F8927BA009F00C8978D /* TopSpinWatch WatchKit Extension.entitlements */ = {isa = PBXFileReference; lastKnownFileType = text.plist.entitlements; path = "TopSpinWatch WatchKit Extension.entitlements"; sourceTree = "<group>"; };
		CE7C5F8A27BA00B300C8978D /* CloudKit.framework */ = {isa = PBXFileReference; lastKnownFileType = wrapper.framework; name = CloudKit.framework; path = Platforms/WatchOS.platform/Developer/SDKs/WatchOS8.3.sdk/System/Library/Frameworks/CloudKit.framework; sourceTree = DEVELOPER_DIR; };
		CE7C5F8C27BA069300C8978D /* TopSpin-Info.plist */ = {isa = PBXFileReference; lastKnownFileType = text.plist; path = "TopSpin-Info.plist"; sourceTree = "<group>"; };
		CEE85FA6278D28C700EC374E /* TopSpinWatch.app */ = {isa = PBXFileReference; explicitFileType = wrapper.application; includeInIndex = 0; path = TopSpinWatch.app; sourceTree = BUILT_PRODUCTS_DIR; };
		CEE85FA8278D28C900EC374E /* Assets.xcassets */ = {isa = PBXFileReference; lastKnownFileType = folder.assetcatalog; path = Assets.xcassets; sourceTree = "<group>"; };
		CEE85FAE278D28C900EC374E /* TopSpinWatch WatchKit Extension.appex */ = {isa = PBXFileReference; explicitFileType = "wrapper.app-extension"; includeInIndex = 0; path = "TopSpinWatch WatchKit Extension.appex"; sourceTree = BUILT_PRODUCTS_DIR; };
		CEE85FB3278D28C900EC374E /* ContentView.swift */ = {isa = PBXFileReference; lastKnownFileType = sourcecode.swift; path = ContentView.swift; sourceTree = "<group>"; };
		CEE85FB5278D28C900EC374E /* TopSpinApp.swift */ = {isa = PBXFileReference; lastKnownFileType = sourcecode.swift; path = TopSpinApp.swift; sourceTree = "<group>"; };
		CEE85FB7278D28C900EC374E /* ComplicationController.swift */ = {isa = PBXFileReference; lastKnownFileType = sourcecode.swift; path = ComplicationController.swift; sourceTree = "<group>"; };
		CEE85FB9278D28CA00EC374E /* Assets.xcassets */ = {isa = PBXFileReference; lastKnownFileType = folder.assetcatalog; path = Assets.xcassets; sourceTree = "<group>"; };
		CEE85FBC278D28CA00EC374E /* Preview Assets.xcassets */ = {isa = PBXFileReference; lastKnownFileType = folder.assetcatalog; path = "Preview Assets.xcassets"; sourceTree = "<group>"; };
		CEE85FBE278D28CA00EC374E /* Info.plist */ = {isa = PBXFileReference; lastKnownFileType = text.plist.xml; path = Info.plist; sourceTree = "<group>"; };
		CEFC46AA2788FD010005216B /* TopSpin.app */ = {isa = PBXFileReference; explicitFileType = wrapper.application; includeInIndex = 0; path = TopSpin.app; sourceTree = BUILT_PRODUCTS_DIR; };
		CEFC46AD2788FD010005216B /* TopSpinApp.swift */ = {isa = PBXFileReference; lastKnownFileType = sourcecode.swift; path = TopSpinApp.swift; sourceTree = "<group>"; };
		CEFC46AF2788FD010005216B /* ContentView.swift */ = {isa = PBXFileReference; lastKnownFileType = sourcecode.swift; path = ContentView.swift; sourceTree = "<group>"; };
		CEFC46B12788FD030005216B /* Assets.xcassets */ = {isa = PBXFileReference; lastKnownFileType = folder.assetcatalog; path = Assets.xcassets; sourceTree = "<group>"; };
		CEFC46B42788FD030005216B /* Preview Assets.xcassets */ = {isa = PBXFileReference; lastKnownFileType = folder.assetcatalog; path = "Preview Assets.xcassets"; sourceTree = "<group>"; };
		CEFC46BB2788FD580005216B /* TopSpin */ = {isa = PBXFileReference; lastKnownFileType = wrapper; name = TopSpin; path = ..; sourceTree = "<group>"; };
		CEFEB9C027BC8E4900E4F638 /* appicon-3@3x.png */ = {isa = PBXFileReference; lastKnownFileType = image.png; path = "appicon-3@3x.png"; sourceTree = "<group>"; };
		CEFEB9C127BC8E4900E4F638 /* appicon-1@2x.png */ = {isa = PBXFileReference; lastKnownFileType = image.png; path = "appicon-1@2x.png"; sourceTree = "<group>"; };
		CEFEB9C227BC8E4900E4F638 /* appicon-1@3x.png */ = {isa = PBXFileReference; lastKnownFileType = image.png; path = "appicon-1@3x.png"; sourceTree = "<group>"; };
		CEFEB9C327BC8E4900E4F638 /* appicon-3@2x.png */ = {isa = PBXFileReference; lastKnownFileType = image.png; path = "appicon-3@2x.png"; sourceTree = "<group>"; };
		CEFEB9C427BC8E4900E4F638 /* cadence-icon@3x.png */ = {isa = PBXFileReference; lastKnownFileType = image.png; path = "cadence-icon@3x.png"; sourceTree = "<group>"; };
		CEFEB9C527BC8E4900E4F638 /* cadence-icon@2x.png */ = {isa = PBXFileReference; lastKnownFileType = image.png; path = "cadence-icon@2x.png"; sourceTree = "<group>"; };
		CEFEB9C627BC8E4900E4F638 /* appicon-2@3x.png */ = {isa = PBXFileReference; lastKnownFileType = image.png; path = "appicon-2@3x.png"; sourceTree = "<group>"; };
		CEFEB9C727BC8E4900E4F638 /* appicon-2@2x.png */ = {isa = PBXFileReference; lastKnownFileType = image.png; path = "appicon-2@2x.png"; sourceTree = "<group>"; };
/* End PBXFileReference section */

/* Begin PBXFrameworksBuildPhase section */
		CEE85FAB278D28C900EC374E /* Frameworks */ = {
			isa = PBXFrameworksBuildPhase;
			buildActionMask = 2147483647;
			files = (
				CE7C5F8B27BA00B300C8978D /* CloudKit.framework in Frameworks */,
			);
			runOnlyForDeploymentPostprocessing = 0;
		};
		CEFC46A72788FD010005216B /* Frameworks */ = {
			isa = PBXFrameworksBuildPhase;
			buildActionMask = 2147483647;
			files = (
				CEE85FA3278D23A700EC374E /* AppFeature in Frameworks */,
				CE7C5F8827BA007700C8978D /* CloudKit.framework in Frameworks */,
			);
			runOnlyForDeploymentPostprocessing = 0;
		};
/* End PBXFrameworksBuildPhase section */

/* Begin PBXGroup section */
		CEE85FA1278D23A700EC374E /* Frameworks */ = {
			isa = PBXGroup;
			children = (
				CE7C5F8A27BA00B300C8978D /* CloudKit.framework */,
				CE7C5F8727BA007700C8978D /* CloudKit.framework */,
			);
			name = Frameworks;
			sourceTree = "<group>";
		};
		CEE85FA7278D28C700EC374E /* TopSpinWatch */ = {
			isa = PBXGroup;
			children = (
				CEE85FA8278D28C900EC374E /* Assets.xcassets */,
			);
			path = TopSpinWatch;
			sourceTree = "<group>";
		};
		CEE85FB2278D28C900EC374E /* TopSpinWatch WatchKit Extension */ = {
			isa = PBXGroup;
			children = (
				CE7C5F8927BA009F00C8978D /* TopSpinWatch WatchKit Extension.entitlements */,
				CEE85FB3278D28C900EC374E /* ContentView.swift */,
				CEE85FB5278D28C900EC374E /* TopSpinApp.swift */,
				CEE85FB7278D28C900EC374E /* ComplicationController.swift */,
				CEE85FB9278D28CA00EC374E /* Assets.xcassets */,
				CEE85FBE278D28CA00EC374E /* Info.plist */,
				CEE85FBB278D28CA00EC374E /* Preview Content */,
			);
			path = "TopSpinWatch WatchKit Extension";
			sourceTree = "<group>";
		};
		CEE85FBB278D28CA00EC374E /* Preview Content */ = {
			isa = PBXGroup;
			children = (
				CEE85FBC278D28CA00EC374E /* Preview Assets.xcassets */,
			);
			path = "Preview Content";
			sourceTree = "<group>";
		};
		CEFC46A12788FD010005216B = {
			isa = PBXGroup;
			children = (
				CE7C5F8C27BA069300C8978D /* TopSpin-Info.plist */,
				CE7C5F8627BA006F00C8978D /* TopSpin.entitlements */,
				CEFC46AC2788FD010005216B /* TopSpinApp */,
				CEFC46BB2788FD580005216B /* TopSpin */,
				CEE85FA7278D28C700EC374E /* TopSpinWatch */,
				CEE85FB2278D28C900EC374E /* TopSpinWatch WatchKit Extension */,
				CEFC46AB2788FD010005216B /* Products */,
				CEE85FA1278D23A700EC374E /* Frameworks */,
			);
			sourceTree = "<group>";
		};
		CEFC46AB2788FD010005216B /* Products */ = {
			isa = PBXGroup;
			children = (
				CEFC46AA2788FD010005216B /* TopSpin.app */,
				CEE85FA6278D28C700EC374E /* TopSpinWatch.app */,
				CEE85FAE278D28C900EC374E /* TopSpinWatch WatchKit Extension.appex */,
			);
			name = Products;
			sourceTree = "<group>";
		};
		CEFC46AC2788FD010005216B /* TopSpinApp */ = {
			isa = PBXGroup;
			children = (
				CEFEB9BF27BC8E4900E4F638 /* icons */,
				CEFC46AD2788FD010005216B /* TopSpinApp.swift */,
				CEFC46AF2788FD010005216B /* ContentView.swift */,
				CEFC46B12788FD030005216B /* Assets.xcassets */,
				CEFC46B32788FD030005216B /* Preview Content */,
			);
			path = TopSpinApp;
			sourceTree = "<group>";
		};
		CEFC46B32788FD030005216B /* Preview Content */ = {
			isa = PBXGroup;
			children = (
				CEFC46B42788FD030005216B /* Preview Assets.xcassets */,
			);
			path = "Preview Content";
			sourceTree = "<group>";
		};
		CEFEB9BF27BC8E4900E4F638 /* icons */ = {
			isa = PBXGroup;
			children = (
				CEFEB9C027BC8E4900E4F638 /* appicon-3@3x.png */,
				CEFEB9C127BC8E4900E4F638 /* appicon-1@2x.png */,
				CEFEB9C227BC8E4900E4F638 /* appicon-1@3x.png */,
				CEFEB9C327BC8E4900E4F638 /* appicon-3@2x.png */,
				CEFEB9C427BC8E4900E4F638 /* cadence-icon@3x.png */,
				CEFEB9C527BC8E4900E4F638 /* cadence-icon@2x.png */,
				CEFEB9C627BC8E4900E4F638 /* appicon-2@3x.png */,
				CEFEB9C727BC8E4900E4F638 /* appicon-2@2x.png */,
			);
			path = icons;
			sourceTree = "<group>";
		};
/* End PBXGroup section */

/* Begin PBXNativeTarget section */
		CEE85FA5278D28C700EC374E /* TopSpinWatch */ = {
			isa = PBXNativeTarget;
			buildConfigurationList = CEE85FC6278D28CA00EC374E /* Build configuration list for PBXNativeTarget "TopSpinWatch" */;
			buildPhases = (
				CEE85FA4278D28C700EC374E /* Resources */,
				CEE85FC5278D28CA00EC374E /* Embed App Extensions */,
			);
			buildRules = (
			);
			dependencies = (
				CEE85FB1278D28C900EC374E /* PBXTargetDependency */,
			);
			name = TopSpinWatch;
			productName = TopSpinWatch;
			productReference = CEE85FA6278D28C700EC374E /* TopSpinWatch.app */;
			productType = "com.apple.product-type.application.watchapp2";
		};
		CEE85FAD278D28C900EC374E /* TopSpinWatch WatchKit Extension */ = {
			isa = PBXNativeTarget;
			buildConfigurationList = CEE85FC2278D28CA00EC374E /* Build configuration list for PBXNativeTarget "TopSpinWatch WatchKit Extension" */;
			buildPhases = (
				CEE85FAA278D28C900EC374E /* Sources */,
				CEE85FAB278D28C900EC374E /* Frameworks */,
				CEE85FAC278D28C900EC374E /* Resources */,
			);
			buildRules = (
			);
			dependencies = (
			);
			name = "TopSpinWatch WatchKit Extension";
			packageProductDependencies = (
			);
			productName = "TopSpinWatch WatchKit Extension";
			productReference = CEE85FAE278D28C900EC374E /* TopSpinWatch WatchKit Extension.appex */;
			productType = "com.apple.product-type.watchkit2-extension";
		};
		CEFC46A92788FD010005216B /* TopSpin */ = {
			isa = PBXNativeTarget;
			buildConfigurationList = CEFC46B82788FD030005216B /* Build configuration list for PBXNativeTarget "TopSpin" */;
			buildPhases = (
				CEFC46A62788FD010005216B /* Sources */,
				CEFC46A72788FD010005216B /* Frameworks */,
				CEFC46A82788FD010005216B /* Resources */,
				CEE85FC9278D28CA00EC374E /* Embed Watch Content */,
			);
			buildRules = (
			);
			dependencies = (
				CEE85FC0278D28CA00EC374E /* PBXTargetDependency */,
			);
			name = TopSpin;
			packageProductDependencies = (
				CEE85FA2278D23A700EC374E /* AppFeature */,
			);
			productName = TopSpin;
			productReference = CEFC46AA2788FD010005216B /* TopSpin.app */;
			productType = "com.apple.product-type.application";
		};
/* End PBXNativeTarget section */

/* Begin PBXProject section */
		CEFC46A22788FD010005216B /* Project object */ = {
			isa = PBXProject;
			attributes = {
				BuildIndependentTargetsInParallel = 1;
				LastSwiftUpdateCheck = 1320;
				LastUpgradeCheck = 1320;
				TargetAttributes = {
					CEE85FA5278D28C700EC374E = {
						CreatedOnToolsVersion = 13.2;
					};
					CEE85FAD278D28C900EC374E = {
						CreatedOnToolsVersion = 13.2;
					};
					CEFC46A92788FD010005216B = {
						CreatedOnToolsVersion = 13.2;
					};
				};
			};
			buildConfigurationList = CEFC46A52788FD010005216B /* Build configuration list for PBXProject "TopSpin" */;
			compatibilityVersion = "Xcode 13.0";
			developmentRegion = en;
			hasScannedForEncodings = 0;
			knownRegions = (
				en,
				Base,
			);
			mainGroup = CEFC46A12788FD010005216B;
			productRefGroup = CEFC46AB2788FD010005216B /* Products */;
			projectDirPath = "";
			projectRoot = "";
			targets = (
				CEFC46A92788FD010005216B /* TopSpin */,
				CEE85FA5278D28C700EC374E /* TopSpinWatch */,
				CEE85FAD278D28C900EC374E /* TopSpinWatch WatchKit Extension */,
			);
		};
/* End PBXProject section */

/* Begin PBXResourcesBuildPhase section */
		CEE85FA4278D28C700EC374E /* Resources */ = {
			isa = PBXResourcesBuildPhase;
			buildActionMask = 2147483647;
			files = (
				CEE85FA9278D28C900EC374E /* Assets.xcassets in Resources */,
			);
			runOnlyForDeploymentPostprocessing = 0;
		};
		CEE85FAC278D28C900EC374E /* Resources */ = {
			isa = PBXResourcesBuildPhase;
			buildActionMask = 2147483647;
			files = (
				CEE85FBD278D28CA00EC374E /* Preview Assets.xcassets in Resources */,
				CEE85FBA278D28CA00EC374E /* Assets.xcassets in Resources */,
			);
			runOnlyForDeploymentPostprocessing = 0;
		};
		CEFC46A82788FD010005216B /* Resources */ = {
			isa = PBXResourcesBuildPhase;
			buildActionMask = 2147483647;
			files = (
				CEFC46B52788FD030005216B /* Preview Assets.xcassets in Resources */,
				CEFC46B22788FD030005216B /* Assets.xcassets in Resources */,
			);
			runOnlyForDeploymentPostprocessing = 0;
		};
/* End PBXResourcesBuildPhase section */

/* Begin PBXSourcesBuildPhase section */
		CEE85FAA278D28C900EC374E /* Sources */ = {
			isa = PBXSourcesBuildPhase;
			buildActionMask = 2147483647;
			files = (
				CEE85FB4278D28C900EC374E /* ContentView.swift in Sources */,
				CEE85FB6278D28C900EC374E /* TopSpinApp.swift in Sources */,
				CEE85FB8278D28C900EC374E /* ComplicationController.swift in Sources */,
			);
			runOnlyForDeploymentPostprocessing = 0;
		};
		CEFC46A62788FD010005216B /* Sources */ = {
			isa = PBXSourcesBuildPhase;
			buildActionMask = 2147483647;
			files = (
				CEFC46B02788FD010005216B /* ContentView.swift in Sources */,
				CEFC46AE2788FD010005216B /* TopSpinApp.swift in Sources */,
			);
			runOnlyForDeploymentPostprocessing = 0;
		};
/* End PBXSourcesBuildPhase section */

/* Begin PBXTargetDependency section */
		CEE85FB1278D28C900EC374E /* PBXTargetDependency */ = {
			isa = PBXTargetDependency;
			target = CEE85FAD278D28C900EC374E /* TopSpinWatch WatchKit Extension */;
			targetProxy = CEE85FB0278D28C900EC374E /* PBXContainerItemProxy */;
		};
		CEE85FC0278D28CA00EC374E /* PBXTargetDependency */ = {
			isa = PBXTargetDependency;
			target = CEE85FA5278D28C700EC374E /* TopSpinWatch */;
			targetProxy = CEE85FBF278D28CA00EC374E /* PBXContainerItemProxy */;
		};
/* End PBXTargetDependency section */

/* Begin XCBuildConfiguration section */
		CEE85FC3278D28CA00EC374E /* Debug */ = {
			isa = XCBuildConfiguration;
			buildSettings = {
				ASSETCATALOG_COMPILER_COMPLICATION_NAME = Complication;
				CODE_SIGN_ENTITLEMENTS = "TopSpinWatch WatchKit Extension/TopSpinWatch WatchKit Extension.entitlements";
				CODE_SIGN_STYLE = Automatic;
				CURRENT_PROJECT_VERSION = 1;
				DEVELOPMENT_ASSET_PATHS = "\"TopSpinWatch WatchKit Extension/Preview Content\"";
				DEVELOPMENT_TEAM = 2J9S2B5EZD;
				ENABLE_PREVIEWS = YES;
				GENERATE_INFOPLIST_FILE = YES;
				INFOPLIST_FILE = "TopSpinWatch WatchKit Extension/Info.plist";
				INFOPLIST_KEY_CFBundleDisplayName = "TopSpinWatch WatchKit Extension";
				INFOPLIST_KEY_CLKComplicationPrincipalClass = TopSpinWatch_WatchKit_Extension.ComplicationController;
				INFOPLIST_KEY_NSHumanReadableCopyright = "";
				LD_RUNPATH_SEARCH_PATHS = (
					"$(inherited)",
					"@executable_path/Frameworks",
					"@executable_path/../../Frameworks",
				);
				MARKETING_VERSION = 1.0;
				PRODUCT_BUNDLE_IDENTIFIER = com.willbrandin.dev.TopSpinSPM.watchkitapp.watchkitextension;
				PRODUCT_NAME = "${TARGET_NAME}";
				SDKROOT = watchos;
				SKIP_INSTALL = YES;
				SWIFT_EMIT_LOC_STRINGS = YES;
				SWIFT_VERSION = 5.0;
				TARGETED_DEVICE_FAMILY = 4;
				WATCHOS_DEPLOYMENT_TARGET = 8.3;
			};
			name = Debug;
		};
		CEE85FC4278D28CA00EC374E /* Release */ = {
			isa = XCBuildConfiguration;
			buildSettings = {
				ASSETCATALOG_COMPILER_COMPLICATION_NAME = Complication;
				CODE_SIGN_ENTITLEMENTS = "TopSpinWatch WatchKit Extension/TopSpinWatch WatchKit Extension.entitlements";
				CODE_SIGN_STYLE = Automatic;
				CURRENT_PROJECT_VERSION = 1;
				DEVELOPMENT_ASSET_PATHS = "\"TopSpinWatch WatchKit Extension/Preview Content\"";
				DEVELOPMENT_TEAM = 2J9S2B5EZD;
				ENABLE_PREVIEWS = YES;
				GENERATE_INFOPLIST_FILE = YES;
				INFOPLIST_FILE = "TopSpinWatch WatchKit Extension/Info.plist";
				INFOPLIST_KEY_CFBundleDisplayName = "TopSpinWatch WatchKit Extension";
				INFOPLIST_KEY_CLKComplicationPrincipalClass = TopSpinWatch_WatchKit_Extension.ComplicationController;
				INFOPLIST_KEY_NSHumanReadableCopyright = "";
				LD_RUNPATH_SEARCH_PATHS = (
					"$(inherited)",
					"@executable_path/Frameworks",
					"@executable_path/../../Frameworks",
				);
				MARKETING_VERSION = 1.0;
				PRODUCT_BUNDLE_IDENTIFIER = com.willbrandin.dev.TopSpinSPM.watchkitapp.watchkitextension;
				PRODUCT_NAME = "${TARGET_NAME}";
				SDKROOT = watchos;
				SKIP_INSTALL = YES;
				SWIFT_EMIT_LOC_STRINGS = YES;
				SWIFT_VERSION = 5.0;
				TARGETED_DEVICE_FAMILY = 4;
				WATCHOS_DEPLOYMENT_TARGET = 8.3;
			};
			name = Release;
		};
		CEE85FC7278D28CA00EC374E /* Debug */ = {
			isa = XCBuildConfiguration;
			buildSettings = {
				ALWAYS_EMBED_SWIFT_STANDARD_LIBRARIES = YES;
				ASSETCATALOG_COMPILER_APPICON_NAME = AppIcon;
				ASSETCATALOG_COMPILER_GLOBAL_ACCENT_COLOR_NAME = AccentColor;
				CODE_SIGN_STYLE = Automatic;
				CURRENT_PROJECT_VERSION = 1;
				DEVELOPMENT_TEAM = 2J9S2B5EZD;
				GENERATE_INFOPLIST_FILE = YES;
				IBSC_MODULE = TopSpinWatch_WatchKit_Extension;
				INFOPLIST_KEY_CFBundleDisplayName = TopSpinWatch;
				INFOPLIST_KEY_UISupportedInterfaceOrientations = "UIInterfaceOrientationPortrait UIInterfaceOrientationPortraitUpsideDown";
				INFOPLIST_KEY_WKCompanionAppBundleIdentifier = com.willbrandin.dev.TopSpinSPM;
				MARKETING_VERSION = 1.0;
				PRODUCT_BUNDLE_IDENTIFIER = com.willbrandin.dev.TopSpinSPM.watchkitapp;
				PRODUCT_NAME = "$(TARGET_NAME)";
				SDKROOT = watchos;
				SKIP_INSTALL = YES;
				SWIFT_EMIT_LOC_STRINGS = YES;
				SWIFT_VERSION = 5.0;
				TARGETED_DEVICE_FAMILY = 4;
				WATCHOS_DEPLOYMENT_TARGET = 8.3;
			};
			name = Debug;
		};
		CEE85FC8278D28CA00EC374E /* Release */ = {
			isa = XCBuildConfiguration;
			buildSettings = {
				ALWAYS_EMBED_SWIFT_STANDARD_LIBRARIES = YES;
				ASSETCATALOG_COMPILER_APPICON_NAME = AppIcon;
				ASSETCATALOG_COMPILER_GLOBAL_ACCENT_COLOR_NAME = AccentColor;
				CODE_SIGN_STYLE = Automatic;
				CURRENT_PROJECT_VERSION = 1;
				DEVELOPMENT_TEAM = 2J9S2B5EZD;
				GENERATE_INFOPLIST_FILE = YES;
				IBSC_MODULE = TopSpinWatch_WatchKit_Extension;
				INFOPLIST_KEY_CFBundleDisplayName = TopSpinWatch;
				INFOPLIST_KEY_UISupportedInterfaceOrientations = "UIInterfaceOrientationPortrait UIInterfaceOrientationPortraitUpsideDown";
				INFOPLIST_KEY_WKCompanionAppBundleIdentifier = com.willbrandin.dev.TopSpinSPM;
				MARKETING_VERSION = 1.0;
				PRODUCT_BUNDLE_IDENTIFIER = com.willbrandin.dev.TopSpinSPM.watchkitapp;
				PRODUCT_NAME = "$(TARGET_NAME)";
				SDKROOT = watchos;
				SKIP_INSTALL = YES;
				SWIFT_EMIT_LOC_STRINGS = YES;
				SWIFT_VERSION = 5.0;
				TARGETED_DEVICE_FAMILY = 4;
				WATCHOS_DEPLOYMENT_TARGET = 8.3;
			};
			name = Release;
		};
		CEFC46B62788FD030005216B /* Debug */ = {
			isa = XCBuildConfiguration;
			buildSettings = {
				ALWAYS_SEARCH_USER_PATHS = NO;
				CLANG_ANALYZER_NONNULL = YES;
				CLANG_ANALYZER_NUMBER_OBJECT_CONVERSION = YES_AGGRESSIVE;
				CLANG_CXX_LANGUAGE_STANDARD = "gnu++17";
				CLANG_CXX_LIBRARY = "libc++";
				CLANG_ENABLE_MODULES = YES;
				CLANG_ENABLE_OBJC_ARC = YES;
				CLANG_ENABLE_OBJC_WEAK = YES;
				CLANG_WARN_BLOCK_CAPTURE_AUTORELEASING = YES;
				CLANG_WARN_BOOL_CONVERSION = YES;
				CLANG_WARN_COMMA = YES;
				CLANG_WARN_CONSTANT_CONVERSION = YES;
				CLANG_WARN_DEPRECATED_OBJC_IMPLEMENTATIONS = YES;
				CLANG_WARN_DIRECT_OBJC_ISA_USAGE = YES_ERROR;
				CLANG_WARN_DOCUMENTATION_COMMENTS = YES;
				CLANG_WARN_EMPTY_BODY = YES;
				CLANG_WARN_ENUM_CONVERSION = YES;
				CLANG_WARN_INFINITE_RECURSION = YES;
				CLANG_WARN_INT_CONVERSION = YES;
				CLANG_WARN_NON_LITERAL_NULL_CONVERSION = YES;
				CLANG_WARN_OBJC_IMPLICIT_RETAIN_SELF = YES;
				CLANG_WARN_OBJC_LITERAL_CONVERSION = YES;
				CLANG_WARN_OBJC_ROOT_CLASS = YES_ERROR;
				CLANG_WARN_QUOTED_INCLUDE_IN_FRAMEWORK_HEADER = YES;
				CLANG_WARN_RANGE_LOOP_ANALYSIS = YES;
				CLANG_WARN_STRICT_PROTOTYPES = YES;
				CLANG_WARN_SUSPICIOUS_MOVE = YES;
				CLANG_WARN_UNGUARDED_AVAILABILITY = YES_AGGRESSIVE;
				CLANG_WARN_UNREACHABLE_CODE = YES;
				CLANG_WARN__DUPLICATE_METHOD_MATCH = YES;
				COPY_PHASE_STRIP = NO;
				DEBUG_INFORMATION_FORMAT = dwarf;
				ENABLE_STRICT_OBJC_MSGSEND = YES;
				ENABLE_TESTABILITY = YES;
				GCC_C_LANGUAGE_STANDARD = gnu11;
				GCC_DYNAMIC_NO_PIC = NO;
				GCC_NO_COMMON_BLOCKS = YES;
				GCC_OPTIMIZATION_LEVEL = 0;
				GCC_PREPROCESSOR_DEFINITIONS = (
					"DEBUG=1",
					"$(inherited)",
				);
				GCC_WARN_64_TO_32_BIT_CONVERSION = YES;
				GCC_WARN_ABOUT_RETURN_TYPE = YES_ERROR;
				GCC_WARN_UNDECLARED_SELECTOR = YES;
				GCC_WARN_UNINITIALIZED_AUTOS = YES_AGGRESSIVE;
				GCC_WARN_UNUSED_FUNCTION = YES;
				GCC_WARN_UNUSED_VARIABLE = YES;
				IPHONEOS_DEPLOYMENT_TARGET = 15.2;
				MTL_ENABLE_DEBUG_INFO = INCLUDE_SOURCE;
				MTL_FAST_MATH = YES;
				ONLY_ACTIVE_ARCH = YES;
				SDKROOT = iphoneos;
				SWIFT_ACTIVE_COMPILATION_CONDITIONS = DEBUG;
				SWIFT_OPTIMIZATION_LEVEL = "-Onone";
			};
			name = Debug;
		};
		CEFC46B72788FD030005216B /* Release */ = {
			isa = XCBuildConfiguration;
			buildSettings = {
				ALWAYS_SEARCH_USER_PATHS = NO;
				CLANG_ANALYZER_NONNULL = YES;
				CLANG_ANALYZER_NUMBER_OBJECT_CONVERSION = YES_AGGRESSIVE;
				CLANG_CXX_LANGUAGE_STANDARD = "gnu++17";
				CLANG_CXX_LIBRARY = "libc++";
				CLANG_ENABLE_MODULES = YES;
				CLANG_ENABLE_OBJC_ARC = YES;
				CLANG_ENABLE_OBJC_WEAK = YES;
				CLANG_WARN_BLOCK_CAPTURE_AUTORELEASING = YES;
				CLANG_WARN_BOOL_CONVERSION = YES;
				CLANG_WARN_COMMA = YES;
				CLANG_WARN_CONSTANT_CONVERSION = YES;
				CLANG_WARN_DEPRECATED_OBJC_IMPLEMENTATIONS = YES;
				CLANG_WARN_DIRECT_OBJC_ISA_USAGE = YES_ERROR;
				CLANG_WARN_DOCUMENTATION_COMMENTS = YES;
				CLANG_WARN_EMPTY_BODY = YES;
				CLANG_WARN_ENUM_CONVERSION = YES;
				CLANG_WARN_INFINITE_RECURSION = YES;
				CLANG_WARN_INT_CONVERSION = YES;
				CLANG_WARN_NON_LITERAL_NULL_CONVERSION = YES;
				CLANG_WARN_OBJC_IMPLICIT_RETAIN_SELF = YES;
				CLANG_WARN_OBJC_LITERAL_CONVERSION = YES;
				CLANG_WARN_OBJC_ROOT_CLASS = YES_ERROR;
				CLANG_WARN_QUOTED_INCLUDE_IN_FRAMEWORK_HEADER = YES;
				CLANG_WARN_RANGE_LOOP_ANALYSIS = YES;
				CLANG_WARN_STRICT_PROTOTYPES = YES;
				CLANG_WARN_SUSPICIOUS_MOVE = YES;
				CLANG_WARN_UNGUARDED_AVAILABILITY = YES_AGGRESSIVE;
				CLANG_WARN_UNREACHABLE_CODE = YES;
				CLANG_WARN__DUPLICATE_METHOD_MATCH = YES;
				COPY_PHASE_STRIP = NO;
				DEBUG_INFORMATION_FORMAT = "dwarf-with-dsym";
				ENABLE_NS_ASSERTIONS = NO;
				ENABLE_STRICT_OBJC_MSGSEND = YES;
				GCC_C_LANGUAGE_STANDARD = gnu11;
				GCC_NO_COMMON_BLOCKS = YES;
				GCC_WARN_64_TO_32_BIT_CONVERSION = YES;
				GCC_WARN_ABOUT_RETURN_TYPE = YES_ERROR;
				GCC_WARN_UNDECLARED_SELECTOR = YES;
				GCC_WARN_UNINITIALIZED_AUTOS = YES_AGGRESSIVE;
				GCC_WARN_UNUSED_FUNCTION = YES;
				GCC_WARN_UNUSED_VARIABLE = YES;
				IPHONEOS_DEPLOYMENT_TARGET = 15.2;
				MTL_ENABLE_DEBUG_INFO = NO;
				MTL_FAST_MATH = YES;
				SDKROOT = iphoneos;
				SWIFT_COMPILATION_MODE = wholemodule;
				SWIFT_OPTIMIZATION_LEVEL = "-O";
				VALIDATE_PRODUCT = YES;
			};
			name = Release;
		};
		CEFC46B92788FD030005216B /* Debug */ = {
			isa = XCBuildConfiguration;
			buildSettings = {
				ASSETCATALOG_COMPILER_APPICON_NAME = AppIcon;
				ASSETCATALOG_COMPILER_GLOBAL_ACCENT_COLOR_NAME = AccentColor;
				CODE_SIGN_ENTITLEMENTS = TopSpin.entitlements;
				CODE_SIGN_STYLE = Automatic;
				CURRENT_PROJECT_VERSION = 1;
				DEVELOPMENT_ASSET_PATHS = "\"TopSpinApp/Preview Content\"";
				DEVELOPMENT_TEAM = 2J9S2B5EZD;
				ENABLE_PREVIEWS = YES;
				GENERATE_INFOPLIST_FILE = YES;
				INFOPLIST_FILE = "TopSpin-Info.plist";
				INFOPLIST_KEY_UIApplicationSceneManifest_Generation = YES;
				INFOPLIST_KEY_UIApplicationSupportsIndirectInputEvents = YES;
				INFOPLIST_KEY_UILaunchScreen_Generation = YES;
				INFOPLIST_KEY_UISupportedInterfaceOrientations_iPad = "UIInterfaceOrientationPortrait UIInterfaceOrientationPortraitUpsideDown UIInterfaceOrientationLandscapeLeft UIInterfaceOrientationLandscapeRight";
				INFOPLIST_KEY_UISupportedInterfaceOrientations_iPhone = "UIInterfaceOrientationPortrait UIInterfaceOrientationLandscapeLeft UIInterfaceOrientationLandscapeRight";
				LD_RUNPATH_SEARCH_PATHS = (
					"$(inherited)",
					"@executable_path/Frameworks",
				);
				MARKETING_VERSION = 1.0;
				PRODUCT_BUNDLE_IDENTIFIER = com.willbrandin.dev.TopSpinSPM;
				PRODUCT_NAME = "$(TARGET_NAME)";
				SWIFT_EMIT_LOC_STRINGS = YES;
				SWIFT_VERSION = 5.0;
				TARGETED_DEVICE_FAMILY = "1,2";
			};
			name = Debug;
		};
		CEFC46BA2788FD030005216B /* Release */ = {
			isa = XCBuildConfiguration;
			buildSettings = {
				ASSETCATALOG_COMPILER_APPICON_NAME = AppIcon;
				ASSETCATALOG_COMPILER_GLOBAL_ACCENT_COLOR_NAME = AccentColor;
				CODE_SIGN_ENTITLEMENTS = TopSpin.entitlements;
				CODE_SIGN_STYLE = Automatic;
				CURRENT_PROJECT_VERSION = 1;
				DEVELOPMENT_ASSET_PATHS = "\"TopSpinApp/Preview Content\"";
				DEVELOPMENT_TEAM = 2J9S2B5EZD;
				ENABLE_PREVIEWS = YES;
				GENERATE_INFOPLIST_FILE = YES;
				INFOPLIST_FILE = "TopSpin-Info.plist";
				INFOPLIST_KEY_UIApplicationSceneManifest_Generation = YES;
				INFOPLIST_KEY_UIApplicationSupportsIndirectInputEvents = YES;
				INFOPLIST_KEY_UILaunchScreen_Generation = YES;
				INFOPLIST_KEY_UISupportedInterfaceOrientations_iPad = "UIInterfaceOrientationPortrait UIInterfaceOrientationPortraitUpsideDown UIInterfaceOrientationLandscapeLeft UIInterfaceOrientationLandscapeRight";
				INFOPLIST_KEY_UISupportedInterfaceOrientations_iPhone = "UIInterfaceOrientationPortrait UIInterfaceOrientationLandscapeLeft UIInterfaceOrientationLandscapeRight";
				LD_RUNPATH_SEARCH_PATHS = (
					"$(inherited)",
					"@executable_path/Frameworks",
				);
				MARKETING_VERSION = 1.0;
				PRODUCT_BUNDLE_IDENTIFIER = com.willbrandin.dev.TopSpinSPM;
				PRODUCT_NAME = "$(TARGET_NAME)";
				SWIFT_EMIT_LOC_STRINGS = YES;
				SWIFT_VERSION = 5.0;
				TARGETED_DEVICE_FAMILY = "1,2";
			};
			name = Release;
		};
/* End XCBuildConfiguration section */

/* Begin XCConfigurationList section */
		CEE85FC2278D28CA00EC374E /* Build configuration list for PBXNativeTarget "TopSpinWatch WatchKit Extension" */ = {
			isa = XCConfigurationList;
			buildConfigurations = (
				CEE85FC3278D28CA00EC374E /* Debug */,
				CEE85FC4278D28CA00EC374E /* Release */,
			);
			defaultConfigurationIsVisible = 0;
			defaultConfigurationName = Release;
		};
		CEE85FC6278D28CA00EC374E /* Build configuration list for PBXNativeTarget "TopSpinWatch" */ = {
			isa = XCConfigurationList;
			buildConfigurations = (
				CEE85FC7278D28CA00EC374E /* Debug */,
				CEE85FC8278D28CA00EC374E /* Release */,
			);
			defaultConfigurationIsVisible = 0;
			defaultConfigurationName = Release;
		};
		CEFC46A52788FD010005216B /* Build configuration list for PBXProject "TopSpin" */ = {
			isa = XCConfigurationList;
			buildConfigurations = (
				CEFC46B62788FD030005216B /* Debug */,
				CEFC46B72788FD030005216B /* Release */,
			);
			defaultConfigurationIsVisible = 0;
			defaultConfigurationName = Release;
		};
		CEFC46B82788FD030005216B /* Build configuration list for PBXNativeTarget "TopSpin" */ = {
			isa = XCConfigurationList;
			buildConfigurations = (
				CEFC46B92788FD030005216B /* Debug */,
				CEFC46BA2788FD030005216B /* Release */,
			);
			defaultConfigurationIsVisible = 0;
			defaultConfigurationName = Release;
		};
/* End XCConfigurationList section */

/* Begin XCSwiftPackageProductDependency section */
		CEE85FA2278D23A700EC374E /* AppFeature */ = {
			isa = XCSwiftPackageProductDependency;
			productName = AppFeature;
		};
/* End XCSwiftPackageProductDependency section */
	};
	rootObject = CEFC46A22788FD010005216B /* Project object */;
}
